
Microsoft Visual Studio Solution File, Format Version 12.00
# Visual Studio Version 17
VisualStudioVersion = 17.10.35013.160
MinimumVisualStudioVersion = 10.0.40219.1
Project("{2150E333-8FDC-42A3-9474-1A3956D46DE8}") = "cnLibrary", "cnLibrary", "{CC9BDBB5-FFAC-4836-9947-D9094849735E}"
EndProject
Project("{8BC9CEB8-8B4A-11D0-8D11-00A0C91BC942}") = "cnRTL", "..\Reference\cnLibrary\Windows_Project_VS\cnRTL\cnRTL.vcxproj", "{86D4B8D5-D7AB-4BFC-AEAA-28953EFEC224}"
EndProject
Project("{8BC9CEB8-8B4A-11D0-8D11-00A0C91BC942}") = "cnWin", "..\Reference\cnLibrary\Windows_Project_VS\cnWin\cnWin.vcxproj", "{657712B5-4813-41A5-ACFD-6EC210B60032}"
EndProject
Project("{8BC9CEB8-8B4A-11D0-8D11-00A0C91BC942}") = "cnWinNT6", "..\Reference\cnLibrary\Windows_Project_VS\cnWinNT6\cnWinNT6.vcxproj", "{A56EFF49-A389-4C97-97BC-65363BEFE864}"
EndProject
Project("{8BC9CEB8-8B4A-11D0-8D11-00A0C91BC942}") = "cnWinDNet", "..\Reference\cnLibrary\Windows_Project_VS\cnWinDNet\cnWinDNet.vcxitems", "{FCE5EB1D-2C7B-4EAA-92CD-809D28DCEC6B}"
EndProject
Project("{8BC9CEB8-8B4A-11D0-8D11-00A0C91BC942}") = "cnWinNT6DNet4", "..\Reference\cnLibrary\Windows_Project_VS\cnWinNT6DNet4\cnWinNT6DNet4.vcxproj", "{C936A86F-3AE2-479D-82DA-C9DAAA03B98A}"
EndProject
Project("{8BC9CEB8-8B4A-11D0-8D11-00A0C91BC942}") = "Net5Test", "Net5Test\Net5Test.vcxproj", "{D71DC797-5676-4617-9B00-4BC9C985B8A7}"
EndProject
Project("{8BC9CEB8-8B4A-11D0-8D11-00A0C91BC942}") = "MillionItemDumpNativeMain", "MillionItemDumpNativeMain\MillionItemDumpNativeMain.vcxproj", "{D000C0E2-80A2-41D0-AEB1-87D7BCBF0200}"
EndProject
Project("{8BC9CEB8-8B4A-11D0-8D11-00A0C91BC942}") = "MillionItemDump", "MillionItemDump\MillionItemDump.vcxproj", "{A1989A36-331C-4EB1-93F8-1735A1E38F25}"
EndProject
Project("{8BC9CEB8-8B4A-11D0-8D11-00A0C91BC942}") = "D3DNativeExample", "D3DNativeExample\D3DNativeExample.vcxproj", "{FD28BF2F-2183-4A47-A7E0-355AB24D8C04}"
EndProject
Project("{2150E333-8FDC-42A3-9474-1A3956D46DE8}") = "IPCTest", "IPCTest", "{B7E2B7AE-F21D-4EE3-9C26-E03C5B423B82}"
EndProject
Project("{2150E333-8FDC-42A3-9474-1A3956D46DE8}") = "Test", "Test", "{284ECB5F-07A2-4ED1-807C-6DDB5C455B51}"
EndProject
Project("{8BC9CEB8-8B4A-11D0-8D11-00A0C91BC942}") = "TestApp", "TestApp\TestApp.vcxproj", "{84FAA4A1-09BF-41E4-AEAD-316B5CB55983}"
EndProject
Project("{8BC9CEB8-8B4A-11D0-8D11-00A0C91BC942}") = "TestExt", "TestExt\TestExt.vcxproj", "{9AB99760-00FB-497A-BDE1-6FDC7C4FBCC4}"
EndProject
Global
	GlobalSection(SolutionConfigurationPlatforms) = preSolution
		Debug|Any CPU = Debug|Any CPU
		Debug|x64 = Debug|x64
		Debug|x86 = Debug|x86
		Release|Any CPU = Release|Any CPU
		Release|x64 = Release|x64
		Release|x86 = Release|x86
	EndGlobalSection
	GlobalSection(ProjectConfigurationPlatforms) = postSolution
		{86D4B8D5-D7AB-4BFC-AEAA-28953EFEC224}.Debug|Any CPU.ActiveCfg = Debug|x64
		{86D4B8D5-D7AB-4BFC-AEAA-28953EFEC224}.Debug|Any CPU.Build.0 = Debug|x64
		{86D4B8D5-D7AB-4BFC-AEAA-28953EFEC224}.Debug|x64.ActiveCfg = Debug|x64
		{86D4B8D5-D7AB-4BFC-AEAA-28953EFEC224}.Debug|x64.Build.0 = Debug|x64
		{86D4B8D5-D7AB-4BFC-AEAA-28953EFEC224}.Debug|x86.ActiveCfg = Debug|Win32
		{86D4B8D5-D7AB-4BFC-AEAA-28953EFEC224}.Debug|x86.Build.0 = Debug|Win32
		{86D4B8D5-D7AB-4BFC-AEAA-28953EFEC224}.Release|Any CPU.ActiveCfg = Release|x64
		{86D4B8D5-D7AB-4BFC-AEAA-28953EFEC224}.Release|Any CPU.Build.0 = Release|x64
		{86D4B8D5-D7AB-4BFC-AEAA-28953EFEC224}.Release|x64.ActiveCfg = Release|x64
		{86D4B8D5-D7AB-4BFC-AEAA-28953EFEC224}.Release|x64.Build.0 = Release|x64
		{86D4B8D5-D7AB-4BFC-AEAA-28953EFEC224}.Release|x86.ActiveCfg = Release|Win32
		{86D4B8D5-D7AB-4BFC-AEAA-28953EFEC224}.Release|x86.Build.0 = Release|Win32
		{657712B5-4813-41A5-ACFD-6EC210B60032}.Debug|Any CPU.ActiveCfg = Debug|x64
		{657712B5-4813-41A5-ACFD-6EC210B60032}.Debug|Any CPU.Build.0 = Debug|x64
		{657712B5-4813-41A5-ACFD-6EC210B60032}.Debug|x64.ActiveCfg = Debug|x64
		{657712B5-4813-41A5-ACFD-6EC210B60032}.Debug|x64.Build.0 = Debug|x64
		{657712B5-4813-41A5-ACFD-6EC210B60032}.Debug|x86.ActiveCfg = Debug|Win32
		{657712B5-4813-41A5-ACFD-6EC210B60032}.Debug|x86.Build.0 = Debug|Win32
		{657712B5-4813-41A5-ACFD-6EC210B60032}.Release|Any CPU.ActiveCfg = Release|x64
		{657712B5-4813-41A5-ACFD-6EC210B60032}.Release|Any CPU.Build.0 = Release|x64
		{657712B5-4813-41A5-ACFD-6EC210B60032}.Release|x64.ActiveCfg = Release|x64
		{657712B5-4813-41A5-ACFD-6EC210B60032}.Release|x64.Build.0 = Release|x64
		{657712B5-4813-41A5-ACFD-6EC210B60032}.Release|x86.ActiveCfg = Release|Win32
		{657712B5-4813-41A5-ACFD-6EC210B60032}.Release|x86.Build.0 = Release|Win32
		{A56EFF49-A389-4C97-97BC-65363BEFE864}.Debug|Any CPU.ActiveCfg = Debug|x64
		{A56EFF49-A389-4C97-97BC-65363BEFE864}.Debug|Any CPU.Build.0 = Debug|x64
		{A56EFF49-A389-4C97-97BC-65363BEFE864}.Debug|x64.ActiveCfg = Debug|x64
		{A56EFF49-A389-4C97-97BC-65363BEFE864}.Debug|x64.Build.0 = Debug|x64
		{A56EFF49-A389-4C97-97BC-65363BEFE864}.Debug|x86.ActiveCfg = Debug|Win32
		{A56EFF49-A389-4C97-97BC-65363BEFE864}.Debug|x86.Build.0 = Debug|Win32
		{A56EFF49-A389-4C97-97BC-65363BEFE864}.Release|Any CPU.ActiveCfg = Release|x64
		{A56EFF49-A389-4C97-97BC-65363BEFE864}.Release|Any CPU.Build.0 = Release|x64
		{A56EFF49-A389-4C97-97BC-65363BEFE864}.Release|x64.ActiveCfg = Release|x64
		{A56EFF49-A389-4C97-97BC-65363BEFE864}.Release|x64.Build.0 = Release|x64
		{A56EFF49-A389-4C97-97BC-65363BEFE864}.Release|x86.ActiveCfg = Release|Win32
		{A56EFF49-A389-4C97-97BC-65363BEFE864}.Release|x86.Build.0 = Release|Win32
		{C936A86F-3AE2-479D-82DA-C9DAAA03B98A}.Debug|Any CPU.ActiveCfg = Debug|x64
		{C936A86F-3AE2-479D-82DA-C9DAAA03B98A}.Debug|Any CPU.Build.0 = Debug|x64
		{C936A86F-3AE2-479D-82DA-C9DAAA03B98A}.Debug|x64.ActiveCfg = Debug|x64
		{C936A86F-3AE2-479D-82DA-C9DAAA03B98A}.Debug|x64.Build.0 = Debug|x64
		{C936A86F-3AE2-479D-82DA-C9DAAA03B98A}.Debug|x86.ActiveCfg = Debug|Win32
		{C936A86F-3AE2-479D-82DA-C9DAAA03B98A}.Debug|x86.Build.0 = Debug|Win32
		{C936A86F-3AE2-479D-82DA-C9DAAA03B98A}.Release|Any CPU.ActiveCfg = Release|x64
		{C936A86F-3AE2-479D-82DA-C9DAAA03B98A}.Release|Any CPU.Build.0 = Release|x64
		{C936A86F-3AE2-479D-82DA-C9DAAA03B98A}.Release|x64.ActiveCfg = Release|x64
		{C936A86F-3AE2-479D-82DA-C9DAAA03B98A}.Release|x64.Build.0 = Release|x64
		{C936A86F-3AE2-479D-82DA-C9DAAA03B98A}.Release|x86.ActiveCfg = Release|Win32
		{C936A86F-3AE2-479D-82DA-C9DAAA03B98A}.Release|x86.Build.0 = Release|Win32
		{D71DC797-5676-4617-9B00-4BC9C985B8A7}.Debug|Any CPU.ActiveCfg = Debug|x64
		{D71DC797-5676-4617-9B00-4BC9C985B8A7}.Debug|Any CPU.Build.0 = Debug|x64
		{D71DC797-5676-4617-9B00-4BC9C985B8A7}.Debug|x64.ActiveCfg = Debug|x64
		{D71DC797-5676-4617-9B00-4BC9C985B8A7}.Debug|x64.Build.0 = Debug|x64
		{D71DC797-5676-4617-9B00-4BC9C985B8A7}.Debug|x86.ActiveCfg = Debug|Win32
		{D71DC797-5676-4617-9B00-4BC9C985B8A7}.Debug|x86.Build.0 = Debug|Win32
		{D71DC797-5676-4617-9B00-4BC9C985B8A7}.Release|Any CPU.ActiveCfg = Release|x64
		{D71DC797-5676-4617-9B00-4BC9C985B8A7}.Release|Any CPU.Build.0 = Release|x64
		{D71DC797-5676-4617-9B00-4BC9C985B8A7}.Release|x64.ActiveCfg = Release|x64
		{D71DC797-5676-4617-9B00-4BC9C985B8A7}.Release|x64.Build.0 = Release|x64
		{D71DC797-5676-4617-9B00-4BC9C985B8A7}.Release|x86.ActiveCfg = Release|Win32
		{D71DC797-5676-4617-9B00-4BC9C985B8A7}.Release|x86.Build.0 = Release|Win32
		{D000C0E2-80A2-41D0-AEB1-87D7BCBF0200}.Debug|Any CPU.ActiveCfg = Debug|x64
		{D000C0E2-80A2-41D0-AEB1-87D7BCBF0200}.Debug|Any CPU.Build.0 = Debug|x64
		{D000C0E2-80A2-41D0-AEB1-87D7BCBF0200}.Debug|x64.ActiveCfg = Debug|x64
		{D000C0E2-80A2-41D0-AEB1-87D7BCBF0200}.Debug|x64.Build.0 = Debug|x64
		{D000C0E2-80A2-41D0-AEB1-87D7BCBF0200}.Debug|x86.ActiveCfg = Debug|Win32
		{D000C0E2-80A2-41D0-AEB1-87D7BCBF0200}.Debug|x86.Build.0 = Debug|Win32
		{D000C0E2-80A2-41D0-AEB1-87D7BCBF0200}.Release|Any CPU.ActiveCfg = Release|x64
		{D000C0E2-80A2-41D0-AEB1-87D7BCBF0200}.Release|Any CPU.Build.0 = Release|x64
		{D000C0E2-80A2-41D0-AEB1-87D7BCBF0200}.Release|x64.ActiveCfg = Release|x64
		{D000C0E2-80A2-41D0-AEB1-87D7BCBF0200}.Release|x64.Build.0 = Release|x64
		{D000C0E2-80A2-41D0-AEB1-87D7BCBF0200}.Release|x86.ActiveCfg = Release|Win32
		{D000C0E2-80A2-41D0-AEB1-87D7BCBF0200}.Release|x86.Build.0 = Release|Win32
		{A1989A36-331C-4EB1-93F8-1735A1E38F25}.Debug|Any CPU.ActiveCfg = Debug|x64
		{A1989A36-331C-4EB1-93F8-1735A1E38F25}.Debug|Any CPU.Build.0 = Debug|x64
		{A1989A36-331C-4EB1-93F8-1735A1E38F25}.Debug|x64.ActiveCfg = Debug|x64
		{A1989A36-331C-4EB1-93F8-1735A1E38F25}.Debug|x64.Build.0 = Debug|x64
		{A1989A36-331C-4EB1-93F8-1735A1E38F25}.Debug|x86.ActiveCfg = Debug|Win32
		{A1989A36-331C-4EB1-93F8-1735A1E38F25}.Debug|x86.Build.0 = Debug|Win32
		{A1989A36-331C-4EB1-93F8-1735A1E38F25}.Release|Any CPU.ActiveCfg = Release|x64
		{A1989A36-331C-4EB1-93F8-1735A1E38F25}.Release|Any CPU.Build.0 = Release|x64
		{A1989A36-331C-4EB1-93F8-1735A1E38F25}.Release|x64.ActiveCfg = Release|x64
		{A1989A36-331C-4EB1-93F8-1735A1E38F25}.Release|x64.Build.0 = Release|x64
		{A1989A36-331C-4EB1-93F8-1735A1E38F25}.Release|x86.ActiveCfg = Release|Win32
		{A1989A36-331C-4EB1-93F8-1735A1E38F25}.Release|x86.Build.0 = Release|Win32
		{FD28BF2F-2183-4A47-A7E0-355AB24D8C04}.Debug|Any CPU.ActiveCfg = Debug|x64
		{FD28BF2F-2183-4A47-A7E0-355AB24D8C04}.Debug|Any CPU.Build.0 = Debug|x64
		{FD28BF2F-2183-4A47-A7E0-355AB24D8C04}.Debug|x64.ActiveCfg = Debug|x64
		{FD28BF2F-2183-4A47-A7E0-355AB24D8C04}.Debug|x64.Build.0 = Debug|x64
		{FD28BF2F-2183-4A47-A7E0-355AB24D8C04}.Debug|x86.ActiveCfg = Debug|Win32
		{FD28BF2F-2183-4A47-A7E0-355AB24D8C04}.Debug|x86.Build.0 = Debug|Win32
		{FD28BF2F-2183-4A47-A7E0-355AB24D8C04}.Release|Any CPU.ActiveCfg = Release|x64
		{FD28BF2F-2183-4A47-A7E0-355AB24D8C04}.Release|Any CPU.Build.0 = Release|x64
		{FD28BF2F-2183-4A47-A7E0-355AB24D8C04}.Release|x64.ActiveCfg = Release|x64
		{FD28BF2F-2183-4A47-A7E0-355AB24D8C04}.Release|x64.Build.0 = Release|x64
		{FD28BF2F-2183-4A47-A7E0-355AB24D8C04}.Release|x86.ActiveCfg = Release|Win32
		{FD28BF2F-2183-4A47-A7E0-355AB24D8C04}.Release|x86.Build.0 = Release|Win32
		{84FAA4A1-09BF-41E4-AEAD-316B5CB55983}.Debug|Any CPU.ActiveCfg = Debug|x64
		{84FAA4A1-09BF-41E4-AEAD-316B5CB55983}.Debug|Any CPU.Build.0 = Debug|x64
		{84FAA4A1-09BF-41E4-AEAD-316B5CB55983}.Debug|x64.ActiveCfg = Debug|x64
		{84FAA4A1-09BF-41E4-AEAD-316B5CB55983}.Debug|x64.Build.0 = Debug|x64
		{84FAA4A1-09BF-41E4-AEAD-316B5CB55983}.Debug|x86.ActiveCfg = Debug|Win32
		{84FAA4A1-09BF-41E4-AEAD-316B5CB55983}.Debug|x86.Build.0 = Debug|Win32
		{84FAA4A1-09BF-41E4-AEAD-316B5CB55983}.Release|Any CPU.ActiveCfg = Release|x64
		{84FAA4A1-09BF-41E4-AEAD-316B5CB55983}.Release|Any CPU.Build.0 = Release|x64
		{84FAA4A1-09BF-41E4-AEAD-316B5CB55983}.Release|x64.ActiveCfg = Release|x64
		{84FAA4A1-09BF-41E4-AEAD-316B5CB55983}.Release|x64.Build.0 = Release|x64
		{84FAA4A1-09BF-41E4-AEAD-316B5CB55983}.Release|x86.ActiveCfg = Release|Win32
		{84FAA4A1-09BF-41E4-AEAD-316B5CB55983}.Release|x86.Build.0 = Release|Win32
		{9AB99760-00FB-497A-BDE1-6FDC7C4FBCC4}.Debug|Any CPU.ActiveCfg = Debug|x64
		{9AB99760-00FB-497A-BDE1-6FDC7C4FBCC4}.Debug|Any CPU.Build.0 = Debug|x64
		{9AB99760-00FB-497A-BDE1-6FDC7C4FBCC4}.Debug|x64.ActiveCfg = Debug|x64
		{9AB99760-00FB-497A-BDE1-6FDC7C4FBCC4}.Debug|x64.Build.0 = Debug|x64
		{9AB99760-00FB-497A-BDE1-6FDC7C4FBCC4}.Debug|x86.ActiveCfg = Debug|Win32
		{9AB99760-00FB-497A-BDE1-6FDC7C4FBCC4}.Debug|x86.Build.0 = Debug|Win32
		{9AB99760-00FB-497A-BDE1-6FDC7C4FBCC4}.Release|Any CPU.ActiveCfg = Release|x64
		{9AB99760-00FB-497A-BDE1-6FDC7C4FBCC4}.Release|Any CPU.Build.0 = Release|x64
		{9AB99760-00FB-497A-BDE1-6FDC7C4FBCC4}.Release|x64.ActiveCfg = Release|x64
		{9AB99760-00FB-497A-BDE1-6FDC7C4FBCC4}.Release|x64.Build.0 = Release|x64
		{9AB99760-00FB-497A-BDE1-6FDC7C4FBCC4}.Release|x86.ActiveCfg = Release|Win32
		{9AB99760-00FB-497A-BDE1-6FDC7C4FBCC4}.Release|x86.Build.0 = Release|Win32
	EndGlobalSection
	GlobalSection(SolutionProperties) = preSolution
		HideSolutionNode = FALSE
	EndGlobalSection
	GlobalSection(NestedProjects) = preSolution
		{86D4B8D5-D7AB-4BFC-AEAA-28953EFEC224} = {CC9BDBB5-FFAC-4836-9947-D9094849735E}
		{657712B5-4813-41A5-ACFD-6EC210B60032} = {CC9BDBB5-FFAC-4836-9947-D9094849735E}
		{A56EFF49-A389-4C97-97BC-65363BEFE864} = {CC9BDBB5-FFAC-4836-9947-D9094849735E}
		{FCE5EB1D-2C7B-4EAA-92CD-809D28DCEC6B} = {CC9BDBB5-FFAC-4836-9947-D9094849735E}
		{C936A86F-3AE2-479D-82DA-C9DAAA03B98A} = {CC9BDBB5-FFAC-4836-9947-D9094849735E}
		{84FAA4A1-09BF-41E4-AEAD-316B5CB55983} = {284ECB5F-07A2-4ED1-807C-6DDB5C455B51}
		{9AB99760-00FB-497A-BDE1-6FDC7C4FBCC4} = {284ECB5F-07A2-4ED1-807C-6DDB5C455B51}
	EndGlobalSection
	GlobalSection(ExtensibilityGlobals) = postSolution
		SolutionGuid = {576F6A35-387A-4428-8A77-4614D495417D}
	EndGlobalSection
	GlobalSection(SharedMSBuildProjectFiles) = preSolution
		..\Reference\cnLibrary\Windows_Project_VS\cnWinDNet\cnWinDNet.vcxitems*{a1989a36-331c-4eb1-93f8-1735a1e38f25}*SharedItemsImports = 4
		..\Reference\cnLibrary\Windows_Project_VS\cnWinDNet\cnWinDNet.vcxitems*{fce5eb1d-2c7b-4eaa-92cd-809d28dcec6b}*SharedItemsImports = 9
	EndGlobalSection
EndGlobal
